{
    "_readme": [
        "This file locks the dependencies of your project to a known state",
        "Read more about it at https://getcomposer.org/doc/01-basic-usage.md#composer-lock-the-lock-file",
        "This file is @generated automatically"
    ],
    "hash": "66230ee1e4ebdb7941249a705e491ed0",
    "content-hash": "bf10c0a5fafe26edb490ebdef18bbdb2",
    "packages": [
        {
            "name": "aptoma/twig-markdown",
            "version": "2.0.0",
            "source": {
                "type": "git",
                "url": "https://github.com/aptoma/twig-markdown.git",
                "reference": "64a9c5c7418c08faf91c4410b34bdb65fb25c23d"
            },
            "dist": {
                "type": "zip",
                "url": "https://api.github.com/repos/aptoma/twig-markdown/zipball/64a9c5c7418c08faf91c4410b34bdb65fb25c23d",
                "reference": "64a9c5c7418c08faf91c4410b34bdb65fb25c23d",
                "shasum": ""
            },
            "require": {
                "twig/twig": "~1.12"
            },
            "require-dev": {
                "codeclimate/php-test-reporter": "dev-master",
                "erusev/parsedown": "^1.6",
                "knplabs/github-api": "~1.2",
                "league/commonmark": "~0.5",
                "michelf/php-markdown": "~1",
                "phpunit/phpunit": "~4.0",
                "satooshi/php-coveralls": "~0.6"
            },
            "suggest": {
                "knplabs/github-api": "Needed for using GitHub's Markdown engine provided through their API.",
                "michelf/php-markdown": "Original Markdown engine with MarkdownExtra."
            },
            "type": "library",
            "autoload": {
                "psr-0": {
                    "Aptoma": "src/"
                }
            },
            "notification-url": "https://packagist.org/downloads/",
            "license": [
                "MIT"
            ],
            "authors": [
                {
                    "name": "Joris Berthelot",
                    "email": "joris@berthelot.tel"
                },
                {
                    "name": "Gunnar Lium",
                    "email": "gunnar@aptoma.com"
                }
            ],
            "description": "Twig extension to work with Markdown content",
            "keywords": [
                "markdown",
                "twig"
            ],
            "time": "2015-10-23 20:27:08"
        },
        {
            "name": "guzzlehttp/guzzle",
            "version": "5.3.0",
            "source": {
                "type": "git",
                "url": "https://github.com/guzzle/guzzle.git",
                "reference": "f3c8c22471cb55475105c14769644a49c3262b93"
            },
            "dist": {
                "type": "zip",
                "url": "https://api.github.com/repos/guzzle/guzzle/zipball/f3c8c22471cb55475105c14769644a49c3262b93",
                "reference": "f3c8c22471cb55475105c14769644a49c3262b93",
                "shasum": ""
            },
            "require": {
                "guzzlehttp/ringphp": "^1.1",
                "php": ">=5.4.0"
            },
            "require-dev": {
                "ext-curl": "*",
                "phpunit/phpunit": "^4.0",
                "psr/log": "^1.0"
            },
            "type": "library",
            "extra": {
                "branch-alias": {
                    "dev-master": "5.0-dev"
                }
            },
            "autoload": {
                "psr-4": {
                    "GuzzleHttp\\": "src/"
                }
            },
            "notification-url": "https://packagist.org/downloads/",
            "license": [
                "MIT"
            ],
            "authors": [
                {
                    "name": "Michael Dowling",
                    "email": "mtdowling@gmail.com",
                    "homepage": "https://github.com/mtdowling"
                }
            ],
            "description": "Guzzle is a PHP HTTP client library and framework for building RESTful web service clients",
            "homepage": "http://guzzlephp.org/",
            "keywords": [
                "client",
                "curl",
                "framework",
                "http",
                "http client",
                "rest",
                "web service"
            ],
            "time": "2015-05-20 03:47:55"
        },
        {
            "name": "guzzlehttp/ringphp",
            "version": "1.1.0",
            "source": {
                "type": "git",
                "url": "https://github.com/guzzle/RingPHP.git",
                "reference": "dbbb91d7f6c191e5e405e900e3102ac7f261bc0b"
            },
            "dist": {
                "type": "zip",
                "url": "https://api.github.com/repos/guzzle/RingPHP/zipball/dbbb91d7f6c191e5e405e900e3102ac7f261bc0b",
                "reference": "dbbb91d7f6c191e5e405e900e3102ac7f261bc0b",
                "shasum": ""
            },
            "require": {
                "guzzlehttp/streams": "~3.0",
                "php": ">=5.4.0",
                "react/promise": "~2.0"
            },
            "require-dev": {
                "ext-curl": "*",
                "phpunit/phpunit": "~4.0"
            },
            "suggest": {
                "ext-curl": "Guzzle will use specific adapters if cURL is present"
            },
            "type": "library",
            "extra": {
                "branch-alias": {
                    "dev-master": "1.1-dev"
                }
            },
            "autoload": {
                "psr-4": {
                    "GuzzleHttp\\Ring\\": "src/"
                }
            },
            "notification-url": "https://packagist.org/downloads/",
            "license": [
                "MIT"
            ],
            "authors": [
                {
                    "name": "Michael Dowling",
                    "email": "mtdowling@gmail.com",
                    "homepage": "https://github.com/mtdowling"
                }
            ],
            "description": "Provides a simple API and specification that abstracts away the details of HTTP into a single PHP function.",
            "time": "2015-05-20 03:37:09"
        },
        {
            "name": "guzzlehttp/streams",
            "version": "3.0.0",
            "source": {
                "type": "git",
                "url": "https://github.com/guzzle/streams.git",
                "reference": "47aaa48e27dae43d39fc1cea0ccf0d84ac1a2ba5"
            },
            "dist": {
                "type": "zip",
                "url": "https://api.github.com/repos/guzzle/streams/zipball/47aaa48e27dae43d39fc1cea0ccf0d84ac1a2ba5",
                "reference": "47aaa48e27dae43d39fc1cea0ccf0d84ac1a2ba5",
                "shasum": ""
            },
            "require": {
                "php": ">=5.4.0"
            },
            "require-dev": {
                "phpunit/phpunit": "~4.0"
            },
            "type": "library",
            "extra": {
                "branch-alias": {
                    "dev-master": "3.0-dev"
                }
            },
            "autoload": {
                "psr-4": {
                    "GuzzleHttp\\Stream\\": "src/"
                }
            },
            "notification-url": "https://packagist.org/downloads/",
            "license": [
                "MIT"
            ],
            "authors": [
                {
                    "name": "Michael Dowling",
                    "email": "mtdowling@gmail.com",
                    "homepage": "https://github.com/mtdowling"
                }
            ],
            "description": "Provides a simple abstraction over streams of data",
            "homepage": "http://guzzlephp.org/",
            "keywords": [
                "Guzzle",
                "stream"
            ],
            "time": "2014-10-12 19:18:40"
        },
        {
            "name": "htmlawed/htmlawed",
            "version": "1.1.19",
            "source": {
                "type": "git",
                "url": "https://github.com/kesar/HTMLawed.git",
                "reference": "620c38edd57e680260ebd8dd0e98167d97e9a7bf"
            },
            "dist": {
                "type": "zip",
                "url": "https://api.github.com/repos/kesar/HTMLawed/zipball/620c38edd57e680260ebd8dd0e98167d97e9a7bf",
                "reference": "620c38edd57e680260ebd8dd0e98167d97e9a7bf",
                "shasum": ""
            },
            "require": {
                "php": ">4.4.0"
            },
            "type": "library",
            "autoload": {
                "files": [
                    "htmLawed.php"
                ]
            },
            "notification-url": "https://packagist.org/downloads/",
            "license": [
                "GPL-2.0+",
                "LGPL-3.0"
            ],
            "authors": [
                {
                    "name": "Santosh Patnaik",
                    "homepage": "http://www.bioinformatics.org/people/index.php?user_hash=558b661f92d0ff7b",
                    "role": "Developer"
                }
            ],
            "description": "htmLawed - Process text with HTML markup to make it more compliant with HTML  standards and administrative policies",
            "homepage": "http://www.bioinformatics.org/phplabware/internal_utilities/htmLawed/",
            "keywords": [
                "HTMLtidy",
                "html",
                "sanitize",
                "strip",
                "tags"
            ],
            "time": "2015-04-05 17:23:05"
        },
        {
            "name": "iamcal/lib_autolink",
            "version": "v1.7",
            "source": {
                "type": "git",
                "url": "https://github.com/iamcal/lib_autolink.git",
                "reference": "b3a86d8437e5d635fb85b155a86288d94f6a924d"
            },
            "dist": {
                "type": "zip",
                "url": "https://api.github.com/repos/iamcal/lib_autolink/zipball/b3a86d8437e5d635fb85b155a86288d94f6a924d",
                "reference": "b3a86d8437e5d635fb85b155a86288d94f6a924d",
                "shasum": ""
            },
            "type": "library",
            "autoload": {
                "files": [
                    "lib_autolink.php"
                ]
            },
            "notification-url": "https://packagist.org/downloads/",
            "license": [
                "MIT"
            ],
            "description": "Adds anchors to urls in a text",
            "keywords": [
                "anchor",
                "autolink",
                "link"
            ],
            "time": "2015-05-22 17:10:41"
        },
        {
            "name": "j0k3r/graby",
            "version": "1.0.8",
            "source": {
                "type": "git",
                "url": "https://github.com/j0k3r/graby.git",
                "reference": "bf152ccc6629bdd63b1e5e8b297c2912516b5f1e"
            },
            "dist": {
                "type": "zip",
                "url": "https://api.github.com/repos/j0k3r/graby/zipball/bf152ccc6629bdd63b1e5e8b297c2912516b5f1e",
                "reference": "bf152ccc6629bdd63b1e5e8b297c2912516b5f1e",
                "shasum": ""
            },
            "require": {
                "ext-curl": "*",
                "guzzlehttp/guzzle": "^5.2.0",
                "htmlawed/htmlawed": "^1.1.19",
                "j0k3r/graby-site-config": "^1.0.0",
                "j0k3r/php-readability": "^1.0",
                "j0k3r/safecurl": "~2.0",
                "monolog/monolog": "^1.13.1",
                "neitanod/forceutf8": "^2.0",
                "php": ">=5.4",
                "simplepie/simplepie": "^1.3.1",
                "smalot/pdfparser": "~0.9.24",
                "symfony/options-resolver": "~2.6|~3.0"
            },
            "require-dev": {
                "satooshi/php-coveralls": "~0.6"
            },
            "type": "library",
            "autoload": {
                "psr-4": {
                    "Graby\\": "src/"
                }
            },
            "notification-url": "https://packagist.org/downloads/",
            "license": [
                "AGPL-3.0"
            ],
            "authors": [
                {
                    "name": "Jeremy Benoist",
                    "email": "jeremy.benoist@gmail.com",
                    "role": "Developer"
                },
                {
                    "name": "FiveFilters.org",
                    "email": "fivefilters@fivefilters.org",
                    "role": "Developer (original version)"
                }
            ],
            "description": "Graby helps you extract article content from web pages",
            "time": "2015-12-24 08:28:38"
        },
        {
            "name": "j0k3r/graby-site-config",
            "version": "1.0.11",
            "source": {
                "type": "git",
                "url": "https://github.com/j0k3r/graby-site-config.git",
                "reference": "ac198f308beabccc97bbd35ed0daeaac63fbf1e3"
            },
            "dist": {
                "type": "zip",
                "url": "https://api.github.com/repos/j0k3r/graby-site-config/zipball/ac198f308beabccc97bbd35ed0daeaac63fbf1e3",
                "reference": "ac198f308beabccc97bbd35ed0daeaac63fbf1e3",
                "shasum": ""
            },
            "require": {
                "symfony/finder": "~2.6|~3.0"
            },
            "type": "library",
            "autoload": {
                "psr-4": {
                    "GrabySiteConfig\\SiteConfig\\": "src/"
                }
            },
            "notification-url": "https://packagist.org/downloads/",
            "license": [
                "AGPL-3.0"
            ],
            "authors": [
                {
                    "name": "Jeremy Benoist",
                    "email": "jeremy.benoist@gmail.com"
                }
            ],
            "description": "Graby site config files",
            "time": "2015-12-23 22:52:15"
        },
        {
            "name": "j0k3r/php-readability",
            "version": "v1.0.9",
            "source": {
                "type": "git",
                "url": "https://github.com/j0k3r/php-readability.git",
                "reference": "41d7440c6e6130bacd50808342fe566e28f536fb"
            },
            "dist": {
                "type": "zip",
                "url": "https://api.github.com/repos/j0k3r/php-readability/zipball/41d7440c6e6130bacd50808342fe566e28f536fb",
                "reference": "41d7440c6e6130bacd50808342fe566e28f536fb",
                "shasum": ""
            },
            "require": {
                "php": ">=5.3.3"
            },
            "type": "library",
            "autoload": {
                "psr-4": {
                    "Readability\\": "src/"
                }
            },
            "notification-url": "https://packagist.org/downloads/",
            "license": [
                "Apache-2.0"
            ],
            "authors": [
                {
                    "name": "Keyvan Minoukadeh",
                    "email": "keyvan@keyvan.net",
                    "homepage": "http://keyvan.net",
                    "role": "Developer (ported original JS code to PHP)"
                },
                {
                    "name": "Arc90",
                    "homepage": "http://arc90.com",
                    "role": "Developer (original JS version)"
                },
                {
                    "name": "Jeremy Benoist",
                    "email": "jeremy.benoist@gmail.com",
                    "homepage": "http://www.j0k3r.net",
                    "role": "Developer"
                },
                {
                    "name": "DitherSky",
                    "homepage": "https://github.com/Dither",
                    "role": "Developer (https://github.com/Dither/full-text-rss)"
                }
            ],
            "description": "Automatic article extraction from HTML",
            "keywords": [
                "article",
                "article extraction",
                "content",
                "content extraction",
                "extraction",
                "html"
            ],
            "time": "2015-11-10 08:55:29"
        },
        {
            "name": "j0k3r/safecurl",
            "version": "2.0.2",
            "source": {
                "type": "git",
                "url": "https://github.com/j0k3r/safecurl.git",
                "reference": "d5b7a0dcda23f8fd6a3f0ca3dac080e38388ba4b"
            },
            "dist": {
                "type": "zip",
                "url": "https://api.github.com/repos/j0k3r/safecurl/zipball/d5b7a0dcda23f8fd6a3f0ca3dac080e38388ba4b",
                "reference": "d5b7a0dcda23f8fd6a3f0ca3dac080e38388ba4b",
                "shasum": ""
            },
            "require": {
                "ext-curl": "*",
                "php": ">=5.3.3"
            },
            "require-dev": {
                "phpunit/phpunit": "^4.0.0"
            },
            "type": "library",
            "autoload": {
                "psr-4": {
                    "fin1te\\SafeCurl\\": "src/"
                }
            },
            "notification-url": "https://packagist.org/downloads/",
            "license": [
                "MIT"
            ],
            "authors": [
                {
                    "name": "Jeremy Benoist",
                    "email": "jeremy.benoist@gmail.com"
                },
                {
                    "name": "Jack W",
                    "email": "jack@fin1te.net",
                    "role": "Developer (original version)"
                }
            ],
            "description": "A drop-in replacement for 'curl_exec', designed to prevent SSRF attacks.",
            "keywords": [
                "curl",
                "safe",
                "safecurl",
                "ssrf",
                "websec"
            ],
            "time": "2015-11-23 08:16:01"
        },
        {
            "name": "michelf/php-markdown",
            "version": "1.6.0",
            "source": {
                "type": "git",
                "url": "https://github.com/michelf/php-markdown.git",
                "reference": "156e56ee036505ec637d761ee62dc425d807183c"
            },
            "dist": {
                "type": "zip",
                "url": "https://api.github.com/repos/michelf/php-markdown/zipball/156e56ee036505ec637d761ee62dc425d807183c",
                "reference": "156e56ee036505ec637d761ee62dc425d807183c",
                "shasum": ""
            },
            "require": {
                "php": ">=5.3.0"
            },
            "type": "library",
            "extra": {
                "branch-alias": {
                    "dev-lib": "1.4.x-dev"
                }
            },
            "autoload": {
                "psr-0": {
                    "Michelf": ""
                }
            },
            "notification-url": "https://packagist.org/downloads/",
            "license": [
                "BSD-3-Clause"
            ],
            "authors": [
                {
                    "name": "Michel Fortin",
                    "email": "michel.fortin@michelf.ca",
                    "homepage": "https://michelf.ca/",
                    "role": "Developer"
                },
                {
                    "name": "John Gruber",
                    "homepage": "https://daringfireball.net/"
                }
            ],
            "description": "PHP Markdown",
            "homepage": "https://michelf.ca/projects/php-markdown/",
            "keywords": [
                "markdown"
            ],
            "time": "2015-12-24 01:37:31"
        },
        {
            "name": "monolog/monolog",
            "version": "1.17.2",
            "source": {
                "type": "git",
                "url": "https://github.com/Seldaek/monolog.git",
                "reference": "bee7f0dc9c3e0b69a6039697533dca1e845c8c24"
            },
            "dist": {
                "type": "zip",
                "url": "https://api.github.com/repos/Seldaek/monolog/zipball/bee7f0dc9c3e0b69a6039697533dca1e845c8c24",
                "reference": "bee7f0dc9c3e0b69a6039697533dca1e845c8c24",
                "shasum": ""
            },
            "require": {
                "php": ">=5.3.0",
                "psr/log": "~1.0"
            },
            "provide": {
                "psr/log-implementation": "1.0.0"
            },
            "require-dev": {
                "aws/aws-sdk-php": "^2.4.9",
                "doctrine/couchdb": "~1.0@dev",
                "graylog2/gelf-php": "~1.0",
                "jakub-onderka/php-parallel-lint": "0.9",
                "php-console/php-console": "^3.1.3",
                "phpunit/phpunit": "~4.5",
                "phpunit/phpunit-mock-objects": "2.3.0",
                "raven/raven": "^0.13",
                "ruflin/elastica": ">=0.90 <3.0",
                "swiftmailer/swiftmailer": "~5.3",
                "videlalvaro/php-amqplib": "~2.4"
            },
            "suggest": {
                "aws/aws-sdk-php": "Allow sending log messages to AWS services like DynamoDB",
                "doctrine/couchdb": "Allow sending log messages to a CouchDB server",
                "ext-amqp": "Allow sending log messages to an AMQP server (1.0+ required)",
                "ext-mongo": "Allow sending log messages to a MongoDB server",
                "graylog2/gelf-php": "Allow sending log messages to a GrayLog2 server",
                "php-console/php-console": "Allow sending log messages to Google Chrome",
                "raven/raven": "Allow sending log messages to a Sentry server",
                "rollbar/rollbar": "Allow sending log messages to Rollbar",
                "ruflin/elastica": "Allow sending log messages to an Elastic Search server",
                "videlalvaro/php-amqplib": "Allow sending log messages to an AMQP server using php-amqplib"
            },
            "type": "library",
            "extra": {
                "branch-alias": {
                    "dev-master": "1.16.x-dev"
                }
            },
            "autoload": {
                "psr-4": {
                    "Monolog\\": "src/Monolog"
                }
            },
            "notification-url": "https://packagist.org/downloads/",
            "license": [
                "MIT"
            ],
            "authors": [
                {
                    "name": "Jordi Boggiano",
                    "email": "j.boggiano@seld.be",
                    "homepage": "http://seld.be"
                }
            ],
            "description": "Sends your logs to files, sockets, inboxes, databases and various web services",
            "homepage": "http://github.com/Seldaek/monolog",
            "keywords": [
                "log",
                "logging",
                "psr-3"
            ],
            "time": "2015-10-14 12:51:02"
        },
        {
            "name": "neitanod/forceutf8",
            "version": "v2.0",
            "source": {
                "type": "git",
                "url": "https://github.com/neitanod/forceutf8.git",
                "reference": "2c1b21e00ed16b2b083ae4e27901cb5f2856db90"
            },
            "dist": {
                "type": "zip",
                "url": "https://api.github.com/repos/neitanod/forceutf8/zipball/2c1b21e00ed16b2b083ae4e27901cb5f2856db90",
                "reference": "2c1b21e00ed16b2b083ae4e27901cb5f2856db90",
                "shasum": ""
            },
            "require": {
                "php": ">=5.3.0"
            },
            "type": "library",
            "autoload": {
                "psr-0": {
                    "ForceUTF8\\": "src/"
                }
            },
            "notification-url": "https://packagist.org/downloads/",
            "authors": [
                {
                    "name": "Sebastián Grignoli",
                    "email": "grignoli@gmail.com"
                }
            ],
            "description": "PHP Class Encoding featuring popular Encoding::toUTF8() function --formerly known as forceUTF8()-- that fixes mixed encoded strings.",
            "homepage": "https://github.com/neitanod/forceutf8",
            "time": "2015-05-07 16:37:23"
        },
        {
            "name": "psr/log",
            "version": "1.0.0",
            "source": {
                "type": "git",
                "url": "https://github.com/php-fig/log.git",
                "reference": "fe0936ee26643249e916849d48e3a51d5f5e278b"
            },
            "dist": {
                "type": "zip",
                "url": "https://api.github.com/repos/php-fig/log/zipball/fe0936ee26643249e916849d48e3a51d5f5e278b",
                "reference": "fe0936ee26643249e916849d48e3a51d5f5e278b",
                "shasum": ""
            },
            "type": "library",
            "autoload": {
                "psr-0": {
                    "Psr\\Log\\": ""
                }
            },
            "notification-url": "https://packagist.org/downloads/",
            "license": [
                "MIT"
            ],
            "authors": [
                {
                    "name": "PHP-FIG",
                    "homepage": "http://www.php-fig.org/"
                }
            ],
            "description": "Common interface for logging libraries",
            "keywords": [
                "log",
                "psr",
                "psr-3"
            ],
            "time": "2012-12-21 11:40:51"
        },
        {
            "name": "react/promise",
            "version": "v2.2.1",
            "source": {
                "type": "git",
                "url": "https://github.com/reactphp/promise.git",
                "reference": "3b6fca09c7d56321057fa8867c8dbe1abf648627"
            },
            "dist": {
                "type": "zip",
                "url": "https://api.github.com/repos/reactphp/promise/zipball/3b6fca09c7d56321057fa8867c8dbe1abf648627",
                "reference": "3b6fca09c7d56321057fa8867c8dbe1abf648627",
                "shasum": ""
            },
            "require": {
                "php": ">=5.4.0"
            },
            "type": "library",
            "extra": {
                "branch-alias": {
                    "dev-master": "2.0-dev"
                }
            },
            "autoload": {
                "psr-4": {
                    "React\\Promise\\": "src/"
                },
                "files": [
                    "src/functions_include.php"
                ]
            },
            "notification-url": "https://packagist.org/downloads/",
            "license": [
                "MIT"
            ],
            "authors": [
                {
                    "name": "Jan Sorgalla",
                    "email": "jsorgalla@gmail.com"
                }
            ],
            "description": "A lightweight implementation of CommonJS Promises/A for PHP",
            "time": "2015-07-03 13:48:55"
        },
        {
            "name": "simplepie/simplepie",
            "version": "1.3.1",
            "source": {
                "type": "git",
                "url": "https://github.com/simplepie/simplepie.git",
                "reference": "ce53709778bc1e2e4deda1651b66e5081398d5cc"
            },
            "dist": {
                "type": "zip",
                "url": "https://api.github.com/repos/simplepie/simplepie/zipball/ce53709778bc1e2e4deda1651b66e5081398d5cc",
                "reference": "ce53709778bc1e2e4deda1651b66e5081398d5cc",
                "shasum": ""
            },
            "require": {
                "php": ">=5.2.0"
            },
            "type": "library",
            "autoload": {
                "psr-0": {
                    "SimplePie": "library"
                }
            },
            "notification-url": "https://packagist.org/downloads/",
            "license": [
                "BSD-3-Clause"
            ],
            "authors": [
                {
                    "name": "Ryan Parman",
                    "homepage": "http://ryanparman.com/",
                    "role": "Creator, alumnus developer"
                },
                {
                    "name": "Geoffrey Sneddon",
                    "homepage": "http://gsnedders.com/",
                    "role": "Alumnus developer"
                },
                {
                    "name": "Ryan McCue",
                    "email": "me@ryanmccue.info",
                    "homepage": "http://ryanmccue.info/",
                    "role": "Developer"
                }
            ],
            "description": "A simple Atom/RSS parsing library for PHP",
            "homepage": "http://simplepie.org/",
            "keywords": [
                "atom",
                "feeds",
                "rss"
            ],
            "time": "2012-10-30 17:54:03"
        },
        {
            "name": "smalot/pdfparser",
            "version": "v0.9.25",
            "source": {
                "type": "git",
                "url": "https://github.com/smalot/pdfparser.git",
                "reference": "31590f7938a22f1c7fc4fb292611e3742a62ebaa"
            },
            "dist": {
                "type": "zip",
                "url": "https://api.github.com/repos/smalot/pdfparser/zipball/31590f7938a22f1c7fc4fb292611e3742a62ebaa",
                "reference": "31590f7938a22f1c7fc4fb292611e3742a62ebaa",
                "shasum": ""
            },
            "require": {
                "php": ">=5.3.0",
                "tecnickcom/tcpdf": ">=6.0.050"
            },
            "require-dev": {
                "atoum/atoum": "dev-master"
            },
            "type": "library",
            "autoload": {
                "psr-0": {
                    "Smalot\\PdfParser\\": "src/"
                }
            },
            "notification-url": "https://packagist.org/downloads/",
            "license": [
                "GPL-3.0"
            ],
            "authors": [
                {
                    "name": "Sebastien MALOT",
                    "email": "sebastien@malot.fr",
                    "homepage": "http://www.malot.fr",
                    "role": "Developer"
                }
            ],
            "description": "Pdf parser library. Can read and extract information from pdf file.",
            "homepage": "http://www.pdfparser.org",
            "time": "2015-09-18 08:29:33"
        },
        {
            "name": "symfony/finder",
            "version": "v3.0.1",
            "source": {
                "type": "git",
                "url": "https://github.com/symfony/finder.git",
                "reference": "8617895eb798b6bdb338321ce19453dc113e5675"
            },
            "dist": {
                "type": "zip",
                "url": "https://api.github.com/repos/symfony/finder/zipball/8617895eb798b6bdb338321ce19453dc113e5675",
                "reference": "8617895eb798b6bdb338321ce19453dc113e5675",
                "shasum": ""
            },
            "require": {
                "php": ">=5.5.9"
            },
            "type": "library",
            "extra": {
                "branch-alias": {
                    "dev-master": "3.0-dev"
                }
            },
            "autoload": {
                "psr-4": {
                    "Symfony\\Component\\Finder\\": ""
                },
                "exclude-from-classmap": [
                    "/Tests/"
                ]
            },
            "notification-url": "https://packagist.org/downloads/",
            "license": [
                "MIT"
            ],
            "authors": [
                {
                    "name": "Fabien Potencier",
                    "email": "fabien@symfony.com"
                },
                {
                    "name": "Symfony Community",
                    "homepage": "https://symfony.com/contributors"
                }
            ],
            "description": "Symfony Finder Component",
            "homepage": "https://symfony.com",
            "time": "2015-12-05 11:13:14"
        },
        {
            "name": "symfony/options-resolver",
            "version": "v3.0.1",
            "source": {
                "type": "git",
                "url": "https://github.com/symfony/options-resolver.git",
                "reference": "8e68c053a39e26559357cc742f01a7182ce40785"
            },
            "dist": {
                "type": "zip",
                "url": "https://api.github.com/repos/symfony/options-resolver/zipball/8e68c053a39e26559357cc742f01a7182ce40785",
                "reference": "8e68c053a39e26559357cc742f01a7182ce40785",
                "shasum": ""
            },
            "require": {
                "php": ">=5.5.9"
            },
            "type": "library",
            "extra": {
                "branch-alias": {
                    "dev-master": "3.0-dev"
                }
            },
            "autoload": {
                "psr-4": {
                    "Symfony\\Component\\OptionsResolver\\": ""
                },
                "exclude-from-classmap": [
                    "/Tests/"
                ]
            },
            "notification-url": "https://packagist.org/downloads/",
            "license": [
                "MIT"
            ],
            "authors": [
                {
                    "name": "Fabien Potencier",
                    "email": "fabien@symfony.com"
                },
                {
                    "name": "Symfony Community",
                    "homepage": "https://symfony.com/contributors"
                }
            ],
            "description": "Symfony OptionsResolver Component",
            "homepage": "https://symfony.com",
            "keywords": [
                "config",
                "configuration",
                "options"
            ],
            "time": "2015-11-18 13:48:51"
        },
        {
            "name": "tecnickcom/tcpdf",
            "version": "6.2.12",
            "source": {
                "type": "git",
                "url": "https://github.com/tecnickcom/TCPDF.git",
                "reference": "2f732eaa91b5665274689b1d40b285a7bacdc37f"
            },
            "dist": {
                "type": "zip",
                "url": "https://api.github.com/repos/tecnickcom/TCPDF/zipball/2f732eaa91b5665274689b1d40b285a7bacdc37f",
                "reference": "2f732eaa91b5665274689b1d40b285a7bacdc37f",
                "shasum": ""
            },
            "require": {
                "php": ">=5.3.0"
            },
            "type": "library",
            "autoload": {
                "classmap": [
                    "fonts",
                    "config",
                    "include",
                    "tcpdf.php",
                    "tcpdf_parser.php",
                    "tcpdf_import.php",
                    "tcpdf_barcodes_1d.php",
                    "tcpdf_barcodes_2d.php",
                    "include/tcpdf_colors.php",
                    "include/tcpdf_filters.php",
                    "include/tcpdf_font_data.php",
                    "include/tcpdf_fonts.php",
                    "include/tcpdf_images.php",
                    "include/tcpdf_static.php",
                    "include/barcodes/datamatrix.php",
                    "include/barcodes/pdf417.php",
                    "include/barcodes/qrcode.php"
                ]
            },
            "notification-url": "https://packagist.org/downloads/",
            "license": [
                "LGPLv3"
            ],
            "authors": [
                {
                    "name": "Nicola Asuni",
                    "email": "info@tecnick.com",
                    "homepage": "http://nicolaasuni.tecnick.com"
                }
            ],
            "description": "TCPDF is a PHP class for generating PDF documents and barcodes.",
            "homepage": "http://www.tcpdf.org/",
            "keywords": [
                "PDFD32000-2008",
                "TCPDF",
                "barcodes",
                "datamatrix",
                "pdf",
                "pdf417",
                "qrcode"
            ],
            "time": "2015-09-12 10:08:34"
        },
        {
            "name": "twig/twig",
            "version": "v1.23.1",
            "source": {
                "type": "git",
                "url": "https://github.com/twigphp/Twig.git",
                "reference": "d9b6333ae8dd2c8e3fd256e127548def0bc614c6"
            },
            "dist": {
                "type": "zip",
                "url": "https://api.github.com/repos/twigphp/Twig/zipball/d9b6333ae8dd2c8e3fd256e127548def0bc614c6",
                "reference": "d9b6333ae8dd2c8e3fd256e127548def0bc614c6",
                "shasum": ""
            },
            "require": {
                "php": ">=5.2.7"
            },
            "require-dev": {
                "symfony/debug": "~2.7",
                "symfony/phpunit-bridge": "~2.7"
            },
            "type": "library",
            "extra": {
                "branch-alias": {
                    "dev-master": "1.23-dev"
                }
            },
            "autoload": {
                "psr-0": {
                    "Twig_": "lib/"
                }
            },
            "notification-url": "https://packagist.org/downloads/",
            "license": [
                "BSD-3-Clause"
            ],
            "authors": [
                {
                    "name": "Fabien Potencier",
                    "email": "fabien@symfony.com",
                    "homepage": "http://fabien.potencier.org",
                    "role": "Lead Developer"
                },
                {
                    "name": "Armin Ronacher",
                    "email": "armin.ronacher@active-4.com",
                    "role": "Project Founder"
                },
                {
                    "name": "Twig Team",
                    "homepage": "http://twig.sensiolabs.org/contributors",
                    "role": "Contributors"
                }
            ],
            "description": "Twig, the flexible, fast, and secure template language for PHP",
            "homepage": "http://twig.sensiolabs.org",
            "keywords": [
                "templating"
            ],
            "time": "2015-11-05 12:49:06"
        }
    ],
    "packages-dev": [],
    "aliases": [],
    "minimum-stability": "stable",
    "stability-flags": [],
    "prefer-stable": false,
    "prefer-lowest": false,
    "platform": [],
    "platform-dev": []
}
